
Microsoft Visual Studio Solution File, Format Version 12.00
# Visual Studio Version 17
VisualStudioVersion = 17.8.34330.188
MinimumVisualStudioVersion = 10.0.40219.1
Project("{FAE04EC0-301F-11D3-BF4B-00C04F79EFBC}") = "CSharpStudy", "CSharpStudy\CSharpStudy.csproj", "{20531342-6B3F-4DD4-AF45-C0826A18E080}"
EndProject
Project("{FAE04EC0-301F-11D3-BF4B-00C04F79EFBC}") = "01. DataType", "01. DataType\01. DataType.csproj", "{DB230D83-3339-44D9-95AA-69D835891602}"
EndProject
Project("{FAE04EC0-301F-11D3-BF4B-00C04F79EFBC}") = "02. Operator", "02. Operator\02. Operator.csproj", "{5C112246-31B4-44C8-859F-08808931B9B9}"
EndProject
Project("{FAE04EC0-301F-11D3-BF4B-00C04F79EFBC}") = "03. Conditional", "03. Conditional\03. Conditional.csproj", "{E771C628-CD22-412C-9F76-0C5FA3ADFC67}"
EndProject
Project("{FAE04EC0-301F-11D3-BF4B-00C04F79EFBC}") = "04. Loop", "04. Loop\04. Loop.csproj", "{19B80466-64C4-4265-A36C-6A23D6BE8129}"
EndProject
Project("{FAE04EC0-301F-11D3-BF4B-00C04F79EFBC}") = "05. Function", "05. Function\05. Function.csproj", "{3C3D66A1-6274-4D3E-89FA-177D311A48B4}"
EndProject
Project("{FAE04EC0-301F-11D3-BF4B-00C04F79EFBC}") = "06. UserDefineType", "06. UserDefineType\06. UserDefineType.csproj", "{6E3292BB-4AC0-43A3-89FF-B7F14B7289C8}"
EndProject
Project("{FAE04EC0-301F-11D3-BF4B-00C04F79EFBC}") = "07. Class", "07. Class\07. Class.csproj", "{ED0B043E-FE75-4A42-A61A-55036AE0F2A2}"
EndProject
Project("{FAE04EC0-301F-11D3-BF4B-00C04F79EFBC}") = "08. Memory", "08. Memory\08. Memory.csproj", "{E8E7E9FA-FF71-4D52-871E-69175024367E}"
EndProject
Project("{FAE04EC0-301F-11D3-BF4B-00C04F79EFBC}") = "09. OOP", "09. OOP\09. OOP.csproj", "{AAE9DE9A-A99D-47AF-9CC8-BCE16281D5BF}"
EndProject
Project("{FAE04EC0-301F-11D3-BF4B-00C04F79EFBC}") = "10. Interface", "Interface\10. Interface.csproj", "{75927404-0EE2-406D-98DA-1C9EBFC272AF}"
EndProject
Project("{FAE04EC0-301F-11D3-BF4B-00C04F79EFBC}") = "11. Array", "11. Array\11. Array.csproj", "{D00D7F6F-49BF-4801-B9AB-EFAB8312AA88}"
EndProject
Project("{FAE04EC0-301F-11D3-BF4B-00C04F79EFBC}") = "12. Generic", "12. Generic\12. Generic.csproj", "{B42D8E90-5167-4568-90C3-A74CDA52FA5E}"
EndProject
Global
	GlobalSection(SolutionConfigurationPlatforms) = preSolution
		Debug|Any CPU = Debug|Any CPU
		Release|Any CPU = Release|Any CPU
	EndGlobalSection
	GlobalSection(ProjectConfigurationPlatforms) = postSolution
		{20531342-6B3F-4DD4-AF45-C0826A18E080}.Debug|Any CPU.ActiveCfg = Debug|Any CPU
		{20531342-6B3F-4DD4-AF45-C0826A18E080}.Debug|Any CPU.Build.0 = Debug|Any CPU
		{20531342-6B3F-4DD4-AF45-C0826A18E080}.Release|Any CPU.ActiveCfg = Release|Any CPU
		{20531342-6B3F-4DD4-AF45-C0826A18E080}.Release|Any CPU.Build.0 = Release|Any CPU
		{DB230D83-3339-44D9-95AA-69D835891602}.Debug|Any CPU.ActiveCfg = Debug|Any CPU
		{DB230D83-3339-44D9-95AA-69D835891602}.Debug|Any CPU.Build.0 = Debug|Any CPU
		{DB230D83-3339-44D9-95AA-69D835891602}.Release|Any CPU.ActiveCfg = Release|Any CPU
		{DB230D83-3339-44D9-95AA-69D835891602}.Release|Any CPU.Build.0 = Release|Any CPU
		{5C112246-31B4-44C8-859F-08808931B9B9}.Debug|Any CPU.ActiveCfg = Debug|Any CPU
		{5C112246-31B4-44C8-859F-08808931B9B9}.Debug|Any CPU.Build.0 = Debug|Any CPU
		{5C112246-31B4-44C8-859F-08808931B9B9}.Release|Any CPU.ActiveCfg = Release|Any CPU
		{5C112246-31B4-44C8-859F-08808931B9B9}.Release|Any CPU.Build.0 = Release|Any CPU
		{E771C628-CD22-412C-9F76-0C5FA3ADFC67}.Debug|Any CPU.ActiveCfg = Debug|Any CPU
		{E771C628-CD22-412C-9F76-0C5FA3ADFC67}.Debug|Any CPU.Build.0 = Debug|Any CPU
		{E771C628-CD22-412C-9F76-0C5FA3ADFC67}.Release|Any CPU.ActiveCfg = Release|Any CPU
		{E771C628-CD22-412C-9F76-0C5FA3ADFC67}.Release|Any CPU.Build.0 = Release|Any CPU
		{19B80466-64C4-4265-A36C-6A23D6BE8129}.Debug|Any CPU.ActiveCfg = Debug|Any CPU
		{19B80466-64C4-4265-A36C-6A23D6BE8129}.Debug|Any CPU.Build.0 = Debug|Any CPU
		{19B80466-64C4-4265-A36C-6A23D6BE8129}.Release|Any CPU.ActiveCfg = Release|Any CPU
		{19B80466-64C4-4265-A36C-6A23D6BE8129}.Release|Any CPU.Build.0 = Release|Any CPU
		{3C3D66A1-6274-4D3E-89FA-177D311A48B4}.Debug|Any CPU.ActiveCfg = Debug|Any CPU
		{3C3D66A1-6274-4D3E-89FA-177D311A48B4}.Debug|Any CPU.Build.0 = Debug|Any CPU
		{3C3D66A1-6274-4D3E-89FA-177D311A48B4}.Release|Any CPU.ActiveCfg = Release|Any CPU
		{3C3D66A1-6274-4D3E-89FA-177D311A48B4}.Release|Any CPU.Build.0 = Release|Any CPU
		{6E3292BB-4AC0-43A3-89FF-B7F14B7289C8}.Debug|Any CPU.ActiveCfg = Debug|Any CPU
		{6E3292BB-4AC0-43A3-89FF-B7F14B7289C8}.Debug|Any CPU.Build.0 = Debug|Any CPU
		{6E3292BB-4AC0-43A3-89FF-B7F14B7289C8}.Release|Any CPU.ActiveCfg = Release|Any CPU
		{6E3292BB-4AC0-43A3-89FF-B7F14B7289C8}.Release|Any CPU.Build.0 = Release|Any CPU
		{ED0B043E-FE75-4A42-A61A-55036AE0F2A2}.Debug|Any CPU.ActiveCfg = Debug|Any CPU
		{ED0B043E-FE75-4A42-A61A-55036AE0F2A2}.Debug|Any CPU.Build.0 = Debug|Any CPU
		{ED0B043E-FE75-4A42-A61A-55036AE0F2A2}.Release|Any CPU.ActiveCfg = Release|Any CPU
		{ED0B043E-FE75-4A42-A61A-55036AE0F2A2}.Release|Any CPU.Build.0 = Release|Any CPU
		{E8E7E9FA-FF71-4D52-871E-69175024367E}.Debug|Any CPU.ActiveCfg = Debug|Any CPU
		{E8E7E9FA-FF71-4D52-871E-69175024367E}.Debug|Any CPU.Build.0 = Debug|Any CPU
		{E8E7E9FA-FF71-4D52-871E-69175024367E}.Release|Any CPU.ActiveCfg = Release|Any CPU
		{E8E7E9FA-FF71-4D52-871E-69175024367E}.Release|Any CPU.Build.0 = Release|Any CPU
		{AAE9DE9A-A99D-47AF-9CC8-BCE16281D5BF}.Debug|Any CPU.ActiveCfg = Debug|Any CPU
		{AAE9DE9A-A99D-47AF-9CC8-BCE16281D5BF}.Debug|Any CPU.Build.0 = Debug|Any CPU
		{AAE9DE9A-A99D-47AF-9CC8-BCE16281D5BF}.Release|Any CPU.ActiveCfg = Release|Any CPU
		{AAE9DE9A-A99D-47AF-9CC8-BCE16281D5BF}.Release|Any CPU.Build.0 = Release|Any CPU
		{75927404-0EE2-406D-98DA-1C9EBFC272AF}.Debug|Any CPU.ActiveCfg = Debug|Any CPU
		{75927404-0EE2-406D-98DA-1C9EBFC272AF}.Debug|Any CPU.Build.0 = Debug|Any CPU
		{75927404-0EE2-406D-98DA-1C9EBFC272AF}.Release|Any CPU.ActiveCfg = Release|Any CPU
		{75927404-0EE2-406D-98DA-1C9EBFC272AF}.Release|Any CPU.Build.0 = Release|Any CPU
		{D00D7F6F-49BF-4801-B9AB-EFAB8312AA88}.Debug|Any CPU.ActiveCfg = Debug|Any CPU
		{D00D7F6F-49BF-4801-B9AB-EFAB8312AA88}.Debug|Any CPU.Build.0 = Debug|Any CPU
		{D00D7F6F-49BF-4801-B9AB-EFAB8312AA88}.Release|Any CPU.ActiveCfg = Release|Any CPU
		{D00D7F6F-49BF-4801-B9AB-EFAB8312AA88}.Release|Any CPU.Build.0 = Release|Any CPU
		{B42D8E90-5167-4568-90C3-A74CDA52FA5E}.Debug|Any CPU.ActiveCfg = Debug|Any CPU
		{B42D8E90-5167-4568-90C3-A74CDA52FA5E}.Debug|Any CPU.Build.0 = Debug|Any CPU
		{B42D8E90-5167-4568-90C3-A74CDA52FA5E}.Release|Any CPU.ActiveCfg = Release|Any CPU
		{B42D8E90-5167-4568-90C3-A74CDA52FA5E}.Release|Any CPU.Build.0 = Release|Any CPU
	EndGlobalSection
	GlobalSection(SolutionProperties) = preSolution
		HideSolutionNode = FALSE
	EndGlobalSection
	GlobalSection(ExtensibilityGlobals) = postSolution
		SolutionGuid = {9EFE2BA9-E72E-404D-A3E3-0A0428C5B641}
	EndGlobalSection
EndGlobal
